
Microsoft Visual Studio Solution File, Format Version 12.00
# Visual Studio 15
VisualStudioVersion = 15.0.27130.2027
MinimumVisualStudioVersion = 10.0.40219.1
Project("{FAE04EC0-301F-11D3-BF4B-00C04F79EFBC}") = "EDTrackingService", "EDTrackingService\EDTrackingService.csproj", "{398847C1-BE83-4CBB-A3F1-17642E15B461}"
EndProject
Project("{FAE04EC0-301F-11D3-BF4B-00C04F79EFBC}") = "EDDTO", "EDDTO\EDDTO.csproj", "{D8BF9BBA-7523-4BC1-9BEA-2B56423ED6D8}"
EndProject
Project("{FAE04EC0-301F-11D3-BF4B-00C04F79EFBC}") = "EDDAL", "EDDAL\EDDAL.csproj", "{DC76A337-B646-4B77-B1CB-7E4ECFDAC7CF}"
EndProject
Project("{FAE04EC0-301F-11D3-BF4B-00C04F79EFBC}") = "EDDAL_API", "EDDAL_API\EDDAL_API.csproj", "{FDA0B811-A812-44F1-90E8-D009EDA0213F}"
EndProject
Project("{FAE04EC0-301F-11D3-BF4B-00C04F79EFBC}") = "EDBLL_API", "EDBLL_API\EDBLL_API.csproj", "{8DB6B527-540B-497A-BA0F-6BDECC4DE1D2}"
EndProject
Project("{FAE04EC0-301F-11D3-BF4B-00C04F79EFBC}") = "EDBLL_API.Tests", "EDBLL_API.Tests\EDBLL_API.Tests.csproj", "{F04C72D9-5E2C-45EF-B239-C594C90E73C4}"
EndProject
Project("{2150E333-8FDC-42A3-9474-1A3956D46DE8}") = "Test", "Test", "{2A05D5BB-18B3-4C14-B7F7-5AAB0F65397F}"
EndProject
Project("{FAE04EC0-301F-11D3-BF4B-00C04F79EFBC}") = "EDDAL.UnitTest", "EDDAL.UnitTest\EDDAL.UnitTest.csproj", "{1F844E2D-0CF1-4321-93DD-B889B77A4230}"
EndProject
Project("{FAE04EC0-301F-11D3-BF4B-00C04F79EFBC}") = "EDDAL_API.Test", "EDDAL_API.Test\EDDAL_API.Test.csproj", "{3DC3FC82-E589-436C-8431-BA355349F8FB}"
EndProject
Global
	GlobalSection(SolutionConfigurationPlatforms) = preSolution
		Debug|Any CPU = Debug|Any CPU
		Release|Any CPU = Release|Any CPU
	EndGlobalSection
	GlobalSection(ProjectConfigurationPlatforms) = postSolution
		{398847C1-BE83-4CBB-A3F1-17642E15B461}.Debug|Any CPU.ActiveCfg = Debug|Any CPU
		{398847C1-BE83-4CBB-A3F1-17642E15B461}.Debug|Any CPU.Build.0 = Debug|Any CPU
		{398847C1-BE83-4CBB-A3F1-17642E15B461}.Release|Any CPU.ActiveCfg = Release|Any CPU
		{398847C1-BE83-4CBB-A3F1-17642E15B461}.Release|Any CPU.Build.0 = Release|Any CPU
		{D8BF9BBA-7523-4BC1-9BEA-2B56423ED6D8}.Debug|Any CPU.ActiveCfg = Debug|Any CPU
		{D8BF9BBA-7523-4BC1-9BEA-2B56423ED6D8}.Debug|Any CPU.Build.0 = Debug|Any CPU
		{D8BF9BBA-7523-4BC1-9BEA-2B56423ED6D8}.Release|Any CPU.ActiveCfg = Release|Any CPU
		{D8BF9BBA-7523-4BC1-9BEA-2B56423ED6D8}.Release|Any CPU.Build.0 = Release|Any CPU
		{DC76A337-B646-4B77-B1CB-7E4ECFDAC7CF}.Debug|Any CPU.ActiveCfg = Debug|Any CPU
		{DC76A337-B646-4B77-B1CB-7E4ECFDAC7CF}.Debug|Any CPU.Build.0 = Debug|Any CPU
		{DC76A337-B646-4B77-B1CB-7E4ECFDAC7CF}.Release|Any CPU.ActiveCfg = Release|Any CPU
		{DC76A337-B646-4B77-B1CB-7E4ECFDAC7CF}.Release|Any CPU.Build.0 = Release|Any CPU
		{FDA0B811-A812-44F1-90E8-D009EDA0213F}.Debug|Any CPU.ActiveCfg = Debug|Any CPU
		{FDA0B811-A812-44F1-90E8-D009EDA0213F}.Debug|Any CPU.Build.0 = Debug|Any CPU
		{FDA0B811-A812-44F1-90E8-D009EDA0213F}.Release|Any CPU.ActiveCfg = Release|Any CPU
		{FDA0B811-A812-44F1-90E8-D009EDA0213F}.Release|Any CPU.Build.0 = Release|Any CPU
		{8DB6B527-540B-497A-BA0F-6BDECC4DE1D2}.Debug|Any CPU.ActiveCfg = Debug|Any CPU
		{8DB6B527-540B-497A-BA0F-6BDECC4DE1D2}.Debug|Any CPU.Build.0 = Debug|Any CPU
		{8DB6B527-540B-497A-BA0F-6BDECC4DE1D2}.Release|Any CPU.ActiveCfg = Release|Any CPU
		{8DB6B527-540B-497A-BA0F-6BDECC4DE1D2}.Release|Any CPU.Build.0 = Release|Any CPU
		{F04C72D9-5E2C-45EF-B239-C594C90E73C4}.Debug|Any CPU.ActiveCfg = Debug|Any CPU
		{F04C72D9-5E2C-45EF-B239-C594C90E73C4}.Debug|Any CPU.Build.0 = Debug|Any CPU
		{F04C72D9-5E2C-45EF-B239-C594C90E73C4}.Release|Any CPU.ActiveCfg = Release|Any CPU
		{F04C72D9-5E2C-45EF-B239-C594C90E73C4}.Release|Any CPU.Build.0 = Release|Any CPU
		{1F844E2D-0CF1-4321-93DD-B889B77A4230}.Debug|Any CPU.ActiveCfg = Debug|Any CPU
		{1F844E2D-0CF1-4321-93DD-B889B77A4230}.Debug|Any CPU.Build.0 = Debug|Any CPU
		{1F844E2D-0CF1-4321-93DD-B889B77A4230}.Release|Any CPU.ActiveCfg = Release|Any CPU
		{1F844E2D-0CF1-4321-93DD-B889B77A4230}.Release|Any CPU.Build.0 = Release|Any CPU
		{3DC3FC82-E589-436C-8431-BA355349F8FB}.Debug|Any CPU.ActiveCfg = Debug|Any CPU
		{3DC3FC82-E589-436C-8431-BA355349F8FB}.Debug|Any CPU.Build.0 = Debug|Any CPU
		{3DC3FC82-E589-436C-8431-BA355349F8FB}.Release|Any CPU.ActiveCfg = Release|Any CPU
		{3DC3FC82-E589-436C-8431-BA355349F8FB}.Release|Any CPU.Build.0 = Release|Any CPU
	EndGlobalSection
	GlobalSection(SolutionProperties) = preSolution
		HideSolutionNode = FALSE
	EndGlobalSection
	GlobalSection(NestedProjects) = preSolution
		{1F844E2D-0CF1-4321-93DD-B889B77A4230} = {2A05D5BB-18B3-4C14-B7F7-5AAB0F65397F}
		{3DC3FC82-E589-436C-8431-BA355349F8FB} = {2A05D5BB-18B3-4C14-B7F7-5AAB0F65397F}
	EndGlobalSection
	GlobalSection(ExtensibilityGlobals) = postSolution
		SolutionGuid = {35605A2A-5F92-409F-BCC7-3C451B3DAFF5}
	EndGlobalSection
EndGlobal
